// !$*UTF8*$!
{
	archiveVersion = 1;
	classes = {
	};
	objectVersion = 52;
	objects = {

/* Begin PBXBuildFile section */
		8D9848EB25DD250700B8B420 /* swiftUIActivityIndicatorApp.swift in Sources */ = {isa = PBXBuildFile; fileRef = 8D9848EA25DD250700B8B420 /* swiftUIActivityIndicatorApp.swift */; };
		8D9848ED25DD250700B8B420 /* ContentView.swift in Sources */ = {isa = PBXBuildFile; fileRef = 8D9848EC25DD250700B8B420 /* ContentView.swift */; };
		8D9848EF25DD250800B8B420 /* Assets.xcassets in Resources */ = {isa = PBXBuildFile; fileRef = 8D9848EE25DD250800B8B420 /* Assets.xcassets */; };
		8D9848F225DD250800B8B420 /* Preview Assets.xcassets in Resources */ = {isa = PBXBuildFile; fileRef = 8D9848F125DD250800B8B420 /* Preview Assets.xcassets */; };
		8D9848FC25DD257B00B8B420 /* ActivityIndicatorView in Frameworks */ = {isa = PBXBuildFile; productRef = 8D9848FB25DD257B00B8B420 /* ActivityIndicatorView */; };
/* End PBXBuildFile section */

/* Begin PBXFileReference section */
		8D9848E725DD250700B8B420 /* swiftUIActivityIndicator.app */ = {isa = PBXFileReference; explicitFileType = wrapper.application; includeInIndex = 0; path = swiftUIActivityIndicator.app; sourceTree = BUILT_PRODUCTS_DIR; };
		8D9848EA25DD250700B8B420 /* swiftUIActivityIndicatorApp.swift */ = {isa = PBXFileReference; lastKnownFileType = sourcecode.swift; path = swiftUIActivityIndicatorApp.swift; sourceTree = "<group>"; };
		8D9848EC25DD250700B8B420 /* ContentView.swift */ = {isa = PBXFileReference; lastKnownFileType = sourcecode.swift; path = ContentView.swift; sourceTree = "<group>"; };
		8D9848EE25DD250800B8B420 /* Assets.xcassets */ = {isa = PBXFileReference; lastKnownFileType = folder.assetcatalog; path = Assets.xcassets; sourceTree = "<group>"; };
		8D9848F125DD250800B8B420 /* Preview Assets.xcassets */ = {isa = PBXFileReference; lastKnownFileType = folder.assetcatalog; path = "Preview Assets.xcassets"; sourceTree = "<group>"; };
		8D9848F325DD250800B8B420 /* Info.plist */ = {isa = PBXFileReference; lastKnownFileType = text.plist.xml; path = Info.plist; sourceTree = "<group>"; };
/* End PBXFileReference section */

/* Begin PBXFrameworksBuildPhase section */
		8D9848E425DD250700B8B420 /* Frameworks */ = {
			isa = PBXFrameworksBuildPhase;
			buildActionMask = 2147483647;
			files = (
				8D9848FC25DD257B00B8B420 /* ActivityIndicatorView in Frameworks */,
			);
			runOnlyForDeploymentPostprocessing = 0;
		};
/* End PBXFrameworksBuildPhase section */

/* Begin PBXGroup section */
		8D9848DE25DD250700B8B420 = {
			isa = PBXGroup;
			children = (
				8D9848E925DD250700B8B420 /* swiftUIActivityIndicator */,
				8D9848E825DD250700B8B420 /* Products */,
			);
			sourceTree = "<group>";
		};
		8D9848E825DD250700B8B420 /* Products */ = {
			isa = PBXGroup;
			children = (
				8D9848E725DD250700B8B420 /* swiftUIActivityIndicator.app */,
			);
			name = Products;
			sourceTree = "<group>";
		};
		8D9848E925DD250700B8B420 /* swiftUIActivityIndicator */ = {
			isa = PBXGroup;
			children = (
				8D9848EA25DD250700B8B420 /* swiftUIActivityIndicatorApp.swift */,
				8D9848EC25DD250700B8B420 /* ContentView.swift */,
				8D9848EE25DD250800B8B420 /* Assets.xcassets */,
				8D9848F325DD250800B8B420 /* Info.plist */,
				8D9848F025DD250800B8B420 /* Preview Content */,
			);
			path = swiftUIActivityIndicator;
			sourceTree = "<group>";
		};
		8D9848F025DD250800B8B420 /* Preview Content */ = {
			isa = PBXGroup;
			children = (
				8D9848F125DD250800B8B420 /* Preview Assets.xcassets */,
			);
			path = "Preview Content";
			sourceTree = "<group>";
		};
/* End PBXGroup section */

/* Begin PBXNativeTarget section */
		8D9848E625DD250700B8B420 /* swiftUIActivityIndicator */ = {
			isa = PBXNativeTarget;
			buildConfigurationList = 8D9848F625DD250800B8B420 /* Build configuration list for PBXNativeTarget "swiftUIActivityIndicator" */;
			buildPhases = (
				8D9848E325DD250700B8B420 /* Sources */,
				8D9848E425DD250700B8B420 /* Frameworks */,
				8D9848E525DD250700B8B420 /* Resources */,
			);
			buildRules = (
			);
			dependencies = (
			);
			name = swiftUIActivityIndicator;
			packageProductDependencies = (
				8D9848FB25DD257B00B8B420 /* ActivityIndicatorView */,
			);
			productName = swiftUIActivityIndicator;
			productReference = 8D9848E725DD250700B8B420 /* swiftUIActivityIndicator.app */;
			productType = "com.apple.product-type.application";
		};
/* End PBXNativeTarget section */

/* Begin PBXProject section */
		8D9848DF25DD250700B8B420 /* Project object */ = {
			isa = PBXProject;
			attributes = {
				LastSwiftUpdateCheck = 1240;
				LastUpgradeCheck = 1240;
				TargetAttributes = {
					8D9848E625DD250700B8B420 = {
						CreatedOnToolsVersion = 12.4;
					};
				};
			};
			buildConfigurationList = 8D9848E225DD250700B8B420 /* Build configuration list for PBXProject "swiftUIActivityIndicator" */;
			compatibilityVersion = "Xcode 9.3";
			developmentRegion = en;
			hasScannedForEncodings = 0;
			knownRegions = (
				en,
				Base,
			);
			mainGroup = 8D9848DE25DD250700B8B420;
			packageReferences = (
				8D9848FA25DD257B00B8B420 /* XCRemoteSwiftPackageReference "ActivityIndicatorView" */,
			);
			productRefGroup = 8D9848E825DD250700B8B420 /* Products */;
			projectDirPath = "";
			projectRoot = "";
			targets = (
				8D9848E625DD250700B8B420 /* swiftUIActivityIndicator */,
			);
		};
/* End PBXProject section */

/* Begin PBXResourcesBuildPhase section */
		8D9848E525DD250700B8B420 /* Resources */ = {
			isa = PBXResourcesBuildPhase;
			buildActionMask = 2147483647;
			files = (
				8D9848F225DD250800B8B420 /* Preview Assets.xcassets in Resources */,
				8D9848EF25DD250800B8B420 /* Assets.xcassets in Resources */,
			);
			runOnlyForDeploymentPostprocessing = 0;
		};
/* End PBXResourcesBuildPhase section */

/* Begin PBXSourcesBuildPhase section */
		8D9848E325DD250700B8B420 /* Sources */ = {
			isa = PBXSourcesBuildPhase;
			buildActionMask = 2147483647;
			files = (
				8D9848ED25DD250700B8B420 /* ContentView.swift in Sources */,
				8D9848EB25DD250700B8B420 /* swiftUIActivityIndicatorApp.swift in Sources */,
			);
			runOnlyForDeploymentPostprocessing = 0;
		};
/* End PBXSourcesBuildPhase section */

/* Begin XCBuildConfiguration section */
		8D9848F425DD250800B8B420 /* Debug */ = {
			isa = XCBuildConfiguration;
			buildSettings = {
				ALWAYS_SEARCH_USER_PATHS = NO;
				CLANG_ANALYZER_NONNULL = YES;
				CLANG_ANALYZER_NUMBER_OBJECT_CONVERSION = YES_AGGRESSIVE;
				CLANG_CXX_LANGUAGE_STANDARD = "gnu++14";
				CLANG_CXX_LIBRARY = "libc++";
				CLANG_ENABLE_MODULES = YES;
				CLANG_ENABLE_OBJC_ARC = YES;
				CLANG_ENABLE_OBJC_WEAK = YES;
				CLANG_WARN_BLOCK_CAPTURE_AUTORELEASING = YES;
				CLANG_WARN_BOOL_CONVERSION = YES;
				CLANG_WARN_COMMA = YES;
				CLANG_WARN_CONSTANT_CONVERSION = YES;
				CLANG_WARN_DEPRECATED_OBJC_IMPLEMENTATIONS = YES;
				CLANG_WARN_DIRECT_OBJC_ISA_USAGE = YES_ERROR;
				CLANG_WARN_DOCUMENTATION_COMMENTS = YES;
				CLANG_WARN_EMPTY_BODY = YES;
				CLANG_WARN_ENUM_CONVERSION = YES;
				CLANG_WARN_INFINITE_RECURSION = YES;
				CLANG_WARN_INT_CONVERSION = YES;
				CLANG_WARN_NON_LITERAL_NULL_CONVERSION = YES;
				CLANG_WARN_OBJC_IMPLICIT_RETAIN_SELF = YES;
				CLANG_WARN_OBJC_LITERAL_CONVERSION = YES;
				CLANG_WARN_OBJC_ROOT_CLASS = YES_ERROR;
				CLANG_WARN_QUOTED_INCLUDE_IN_FRAMEWORK_HEADER = YES;
				CLANG_WARN_RANGE_LOOP_ANALYSIS = YES;
				CLANG_WARN_STRICT_PROTOTYPES = YES;
				CLANG_WARN_SUSPICIOUS_MOVE = YES;
				CLANG_WARN_UNGUARDED_AVAILABILITY = YES_AGGRESSIVE;
				CLANG_WARN_UNREACHABLE_CODE = YES;
				CLANG_WARN__DUPLICATE_METHOD_MATCH = YES;
				COPY_PHASE_STRIP = NO;
				DEBUG_INFORMATION_FORMAT = dwarf;
				ENABLE_STRICT_OBJC_MSGSEND = YES;
				ENABLE_TESTABILITY = YES;
				GCC_C_LANGUAGE_STANDARD = gnu11;
				GCC_DYNAMIC_NO_PIC = NO;
				GCC_NO_COMMON_BLOCKS = YES;
				GCC_OPTIMIZATION_LEVEL = 0;
				GCC_PREPROCESSOR_DEFINITIONS = (
					"DEBUG=1",
					"$(inherited)",
				);
				GCC_WARN_64_TO_32_BIT_CONVERSION = YES;
				GCC_WARN_ABOUT_RETURN_TYPE = YES_ERROR;
				GCC_WARN_UNDECLARED_SELECTOR = YES;
				GCC_WARN_UNINITIALIZED_AUTOS = YES_AGGRESSIVE;
				GCC_WARN_UNUSED_FUNCTION = YES;
				GCC_WARN_UNUSED_VARIABLE = YES;
				IPHONEOS_DEPLOYMENT_TARGET = 14.4;
				MTL_ENABLE_DEBUG_INFO = INCLUDE_SOURCE;
				MTL_FAST_MATH = YES;
				ONLY_ACTIVE_ARCH = YES;
				SDKROOT = iphoneos;
				SWIFT_ACTIVE_COMPILATION_CONDITIONS = DEBUG;
				SWIFT_OPTIMIZATION_LEVEL = "-Onone";
			};
			name = Debug;
		};
		8D9848F525DD250800B8B420 /* Release */ = {
			isa = XCBuildConfiguration;
			buildSettings = {
				ALWAYS_SEARCH_USER_PATHS = NO;
				CLANG_ANALYZER_NONNULL = YES;
				CLANG_ANALYZER_NUMBER_OBJECT_CONVERSION = YES_AGGRESSIVE;
				CLANG_CXX_LANGUAGE_STANDARD = "gnu++14";
				CLANG_CXX_LIBRARY = "libc++";
				CLANG_ENABLE_MODULES = YES;
				CLANG_ENABLE_OBJC_ARC = YES;
				CLANG_ENABLE_OBJC_WEAK = YES;
				CLANG_WARN_BLOCK_CAPTURE_AUTORELEASING = YES;
				CLANG_WARN_BOOL_CONVERSION = YES;
				CLANG_WARN_COMMA = YES;
				CLANG_WARN_CONSTANT_CONVERSION = YES;
				CLANG_WARN_DEPRECATED_OBJC_IMPLEMENTATIONS = YES;
				CLANG_WARN_DIRECT_OBJC_ISA_USAGE = YES_ERROR;
				CLANG_WARN_DOCUMENTATION_COMMENTS = YES;
				CLANG_WARN_EMPTY_BODY = YES;
				CLANG_WARN_ENUM_CONVERSION = YES;
				CLANG_WARN_INFINITE_RECURSION = YES;
				CLANG_WARN_INT_CONVERSION = YES;
				CLANG_WARN_NON_LITERAL_NULL_CONVERSION = YES;
				CLANG_WARN_OBJC_IMPLICIT_RETAIN_SELF = YES;
				CLANG_WARN_OBJC_LITERAL_CONVERSION = YES;
				CLANG_WARN_OBJC_ROOT_CLASS = YES_ERROR;
				CLANG_WARN_QUOTED_INCLUDE_IN_FRAMEWORK_HEADER = YES;
				CLANG_WARN_RANGE_LOOP_ANALYSIS = YES;
				CLANG_WARN_STRICT_PROTOTYPES = YES;
				CLANG_WARN_SUSPICIOUS_MOVE = YES;
				CLANG_WARN_UNGUARDED_AVAILABILITY = YES_AGGRESSIVE;
				CLANG_WARN_UNREACHABLE_CODE = YES;
				CLANG_WARN__DUPLICATE_METHOD_MATCH = YES;
				COPY_PHASE_STRIP = NO;
				DEBUG_INFORMATION_FORMAT = "dwarf-with-dsym";
				ENABLE_NS_ASSERTIONS = NO;
				ENABLE_STRICT_OBJC_MSGSEND = YES;
				GCC_C_LANGUAGE_STANDARD = gnu11;
				GCC_NO_COMMON_BLOCKS = YES;
				GCC_WARN_64_TO_32_BIT_CONVERSION = YES;
				GCC_WARN_ABOUT_RETURN_TYPE = YES_ERROR;
				GCC_WARN_UNDECLARED_SELECTOR = YES;
				GCC_WARN_UNINITIALIZED_AUTOS = YES_AGGRESSIVE;
				GCC_WARN_UNUSED_FUNCTION = YES;
				GCC_WARN_UNUSED_VARIABLE = YES;
				IPHONEOS_DEPLOYMENT_TARGET = 14.4;
				MTL_ENABLE_DEBUG_INFO = NO;
				MTL_FAST_MATH = YES;
				SDKROOT = iphoneos;
				SWIFT_COMPILATION_MODE = wholemodule;
				SWIFT_OPTIMIZATION_LEVEL = "-O";
				VALIDATE_PRODUCT = YES;
			};
			name = Release;
		};
		8D9848F725DD250800B8B420 /* Debug */ = {
			isa = XCBuildConfiguration;
			buildSettings = {
				ASSETCATALOG_COMPILER_APPICON_NAME = AppIcon;
				ASSETCATALOG_COMPILER_GLOBAL_ACCENT_COLOR_NAME = AccentColor;
				CODE_SIGN_STYLE = Automatic;
				DEVELOPMENT_ASSET_PATHS = "\"swiftUIActivityIndicator/Preview Content\"";
				DEVELOPMENT_TEAM = RMFRRSQ9CJ;
				ENABLE_PREVIEWS = YES;
				INFOPLIST_FILE = swiftUIActivityIndicator/Info.plist;
				IPHONEOS_DEPLOYMENT_TARGET = 14.0;
				LD_RUNPATH_SEARCH_PATHS = (
					"$(inherited)",
					"@executable_path/Frameworks",
				);
				PRODUCT_BUNDLE_IDENTIFIER = yuhsuan.swiftUIActivityIndicator;
				PRODUCT_NAME = "$(TARGET_NAME)";
				SWIFT_VERSION = 5.0;
				TARGETED_DEVICE_FAMILY = "1,2";
			};
			name = Debug;
		};
		8D9848F825DD250800B8B420 /* Release */ = {
			isa = XCBuildConfiguration;
			buildSettings = {
				ASSETCATALOG_COMPILER_APPICON_NAME = AppIcon;
				ASSETCATALOG_COMPILER_GLOBAL_ACCENT_COLOR_NAME = AccentColor;
				CODE_SIGN_STYLE = Automatic;
				DEVELOPMENT_ASSET_PATHS = "\"swiftUIActivityIndicator/Preview Content\"";
				DEVELOPMENT_TEAM = RMFRRSQ9CJ;
				ENABLE_PREVIEWS = YES;
				INFOPLIST_FILE = swiftUIActivityIndicator/Info.plist;
				IPHONEOS_DEPLOYMENT_TARGET = 14.0;
				LD_RUNPATH_SEARCH_PATHS = (
					"$(inherited)",
					"@executable_path/Frameworks",
				);
				PRODUCT_BUNDLE_IDENTIFIER = yuhsuan.swiftUIActivityIndicator;
				PRODUCT_NAME = "$(TARGET_NAME)";
				SWIFT_VERSION = 5.0;
				TARGETED_DEVICE_FAMILY = "1,2";
			};
			name = Release;
		};
/* End XCBuildConfiguration section */

/* Begin XCConfigurationList section */
		8D9848E225DD250700B8B420 /* Build configuration list for PBXProject "swiftUIActivityIndicator" */ = {
			isa = XCConfigurationList;
			buildConfigurations = (
				8D9848F425DD250800B8B420 /* Debug */,
				8D9848F525DD250800B8B420 /* Release */,
			);
			defaultConfigurationIsVisible = 0;
			defaultConfigurationName = Release;
		};
		8D9848F625DD250800B8B420 /* Build configuration list for PBXNativeTarget "swiftUIActivityIndicator" */ = {
			isa = XCConfigurationList;
			buildConfigurations = (
				8D9848F725DD250800B8B420 /* Debug */,
				8D9848F825DD250800B8B420 /* Release */,
			);
			defaultConfigurationIsVisible = 0;
			defaultConfigurationName = Release;
		};
/* End XCConfigurationList section */

/* Begin XCRemoteSwiftPackageReference section */
		8D9848FA25DD257B00B8B420 /* XCRemoteSwiftPackageReference "ActivityIndicatorView" */ = {
			isa = XCRemoteSwiftPackageReference;
			repositoryURL = "https://github.com/exyte/ActivityIndicatorView";
			requirement = {
				kind = upToNextMajorVersion;
				minimumVersion = 0.0.6;
			};
		};
/* End XCRemoteSwiftPackageReference section */

/* Begin XCSwiftPackageProductDependency section */
		8D9848FB25DD257B00B8B420 /* ActivityIndicatorView */ = {
			isa = XCSwiftPackageProductDependency;
			package = 8D9848FA25DD257B00B8B420 /* XCRemoteSwiftPackageReference "ActivityIndicatorView" */;
			productName = ActivityIndicatorView;
		};
/* End XCSwiftPackageProductDependency section */
	};
	rootObject = 8D9848DF25DD250700B8B420 /* Project object */;
}
