// !$*UTF8*$!
{
	archiveVersion = 1;
	classes = {
	};
	objectVersion = 52;
	objects = {

/* Begin PBXBuildFile section */
		8D98490B25DD2B6C00B8B420 /* swiftUICustomIconApp.swift in Sources */ = {isa = PBXBuildFile; fileRef = 8D98490A25DD2B6C00B8B420 /* swiftUICustomIconApp.swift */; };
		8D98490D25DD2B6C00B8B420 /* ContentView.swift in Sources */ = {isa = PBXBuildFile; fileRef = 8D98490C25DD2B6C00B8B420 /* ContentView.swift */; };
		8D98490F25DD2B6D00B8B420 /* Assets.xcassets in Resources */ = {isa = PBXBuildFile; fileRef = 8D98490E25DD2B6D00B8B420 /* Assets.xcassets */; };
		8D98491225DD2B6D00B8B420 /* Preview Assets.xcassets in Resources */ = {isa = PBXBuildFile; fileRef = 8D98491125DD2B6D00B8B420 /* Preview Assets.xcassets */; };
		8D98491C25DD2C4800B8B420 /* SwiftUIFontIcon in Frameworks */ = {isa = PBXBuildFile; productRef = 8D98491B25DD2C4800B8B420 /* SwiftUIFontIcon */; };
/* End PBXBuildFile section */

/* Begin PBXFileReference section */
		8D98490725DD2B6C00B8B420 /* swiftUICustomIcon.app */ = {isa = PBXFileReference; explicitFileType = wrapper.application; includeInIndex = 0; path = swiftUICustomIcon.app; sourceTree = BUILT_PRODUCTS_DIR; };
		8D98490A25DD2B6C00B8B420 /* swiftUICustomIconApp.swift */ = {isa = PBXFileReference; lastKnownFileType = sourcecode.swift; path = swiftUICustomIconApp.swift; sourceTree = "<group>"; };
		8D98490C25DD2B6C00B8B420 /* ContentView.swift */ = {isa = PBXFileReference; lastKnownFileType = sourcecode.swift; path = ContentView.swift; sourceTree = "<group>"; };
		8D98490E25DD2B6D00B8B420 /* Assets.xcassets */ = {isa = PBXFileReference; lastKnownFileType = folder.assetcatalog; path = Assets.xcassets; sourceTree = "<group>"; };
		8D98491125DD2B6D00B8B420 /* Preview Assets.xcassets */ = {isa = PBXFileReference; lastKnownFileType = folder.assetcatalog; path = "Preview Assets.xcassets"; sourceTree = "<group>"; };
		8D98491325DD2B6D00B8B420 /* Info.plist */ = {isa = PBXFileReference; lastKnownFileType = text.plist.xml; path = Info.plist; sourceTree = "<group>"; };
/* End PBXFileReference section */

/* Begin PBXFrameworksBuildPhase section */
		8D98490425DD2B6C00B8B420 /* Frameworks */ = {
			isa = PBXFrameworksBuildPhase;
			buildActionMask = 2147483647;
			files = (
				8D98491C25DD2C4800B8B420 /* SwiftUIFontIcon in Frameworks */,
			);
			runOnlyForDeploymentPostprocessing = 0;
		};
/* End PBXFrameworksBuildPhase section */

/* Begin PBXGroup section */
		8D9848FE25DD2B6C00B8B420 = {
			isa = PBXGroup;
			children = (
				8D98490925DD2B6C00B8B420 /* swiftUICustomIcon */,
				8D98490825DD2B6C00B8B420 /* Products */,
			);
			sourceTree = "<group>";
		};
		8D98490825DD2B6C00B8B420 /* Products */ = {
			isa = PBXGroup;
			children = (
				8D98490725DD2B6C00B8B420 /* swiftUICustomIcon.app */,
			);
			name = Products;
			sourceTree = "<group>";
		};
		8D98490925DD2B6C00B8B420 /* swiftUICustomIcon */ = {
			isa = PBXGroup;
			children = (
				8D98490A25DD2B6C00B8B420 /* swiftUICustomIconApp.swift */,
				8D98490C25DD2B6C00B8B420 /* ContentView.swift */,
				8D98490E25DD2B6D00B8B420 /* Assets.xcassets */,
				8D98491325DD2B6D00B8B420 /* Info.plist */,
				8D98491025DD2B6D00B8B420 /* Preview Content */,
			);
			path = swiftUICustomIcon;
			sourceTree = "<group>";
		};
		8D98491025DD2B6D00B8B420 /* Preview Content */ = {
			isa = PBXGroup;
			children = (
				8D98491125DD2B6D00B8B420 /* Preview Assets.xcassets */,
			);
			path = "Preview Content";
			sourceTree = "<group>";
		};
/* End PBXGroup section */

/* Begin PBXNativeTarget section */
		8D98490625DD2B6C00B8B420 /* swiftUICustomIcon */ = {
			isa = PBXNativeTarget;
			buildConfigurationList = 8D98491625DD2B6D00B8B420 /* Build configuration list for PBXNativeTarget "swiftUICustomIcon" */;
			buildPhases = (
				8D98490325DD2B6C00B8B420 /* Sources */,
				8D98490425DD2B6C00B8B420 /* Frameworks */,
				8D98490525DD2B6C00B8B420 /* Resources */,
			);
			buildRules = (
			);
			dependencies = (
			);
			name = swiftUICustomIcon;
			packageProductDependencies = (
				8D98491B25DD2C4800B8B420 /* SwiftUIFontIcon */,
			);
			productName = swiftUICustomIcon;
			productReference = 8D98490725DD2B6C00B8B420 /* swiftUICustomIcon.app */;
			productType = "com.apple.product-type.application";
		};
/* End PBXNativeTarget section */

/* Begin PBXProject section */
		8D9848FF25DD2B6C00B8B420 /* Project object */ = {
			isa = PBXProject;
			attributes = {
				LastSwiftUpdateCheck = 1240;
				LastUpgradeCheck = 1240;
				TargetAttributes = {
					8D98490625DD2B6C00B8B420 = {
						CreatedOnToolsVersion = 12.4;
					};
				};
			};
			buildConfigurationList = 8D98490225DD2B6C00B8B420 /* Build configuration list for PBXProject "swiftUICustomIcon" */;
			compatibilityVersion = "Xcode 9.3";
			developmentRegion = en;
			hasScannedForEncodings = 0;
			knownRegions = (
				en,
				Base,
			);
			mainGroup = 8D9848FE25DD2B6C00B8B420;
			packageReferences = (
				8D98491A25DD2C4800B8B420 /* XCRemoteSwiftPackageReference "SwiftUIFontIcon" */,
			);
			productRefGroup = 8D98490825DD2B6C00B8B420 /* Products */;
			projectDirPath = "";
			projectRoot = "";
			targets = (
				8D98490625DD2B6C00B8B420 /* swiftUICustomIcon */,
			);
		};
/* End PBXProject section */

/* Begin PBXResourcesBuildPhase section */
		8D98490525DD2B6C00B8B420 /* Resources */ = {
			isa = PBXResourcesBuildPhase;
			buildActionMask = 2147483647;
			files = (
				8D98491225DD2B6D00B8B420 /* Preview Assets.xcassets in Resources */,
				8D98490F25DD2B6D00B8B420 /* Assets.xcassets in Resources */,
			);
			runOnlyForDeploymentPostprocessing = 0;
		};
/* End PBXResourcesBuildPhase section */

/* Begin PBXSourcesBuildPhase section */
		8D98490325DD2B6C00B8B420 /* Sources */ = {
			isa = PBXSourcesBuildPhase;
			buildActionMask = 2147483647;
			files = (
				8D98490D25DD2B6C00B8B420 /* ContentView.swift in Sources */,
				8D98490B25DD2B6C00B8B420 /* swiftUICustomIconApp.swift in Sources */,
			);
			runOnlyForDeploymentPostprocessing = 0;
		};
/* End PBXSourcesBuildPhase section */

/* Begin XCBuildConfiguration section */
		8D98491425DD2B6D00B8B420 /* Debug */ = {
			isa = XCBuildConfiguration;
			buildSettings = {
				ALWAYS_SEARCH_USER_PATHS = NO;
				CLANG_ANALYZER_NONNULL = YES;
				CLANG_ANALYZER_NUMBER_OBJECT_CONVERSION = YES_AGGRESSIVE;
				CLANG_CXX_LANGUAGE_STANDARD = "gnu++14";
				CLANG_CXX_LIBRARY = "libc++";
				CLANG_ENABLE_MODULES = YES;
				CLANG_ENABLE_OBJC_ARC = YES;
				CLANG_ENABLE_OBJC_WEAK = YES;
				CLANG_WARN_BLOCK_CAPTURE_AUTORELEASING = YES;
				CLANG_WARN_BOOL_CONVERSION = YES;
				CLANG_WARN_COMMA = YES;
				CLANG_WARN_CONSTANT_CONVERSION = YES;
				CLANG_WARN_DEPRECATED_OBJC_IMPLEMENTATIONS = YES;
				CLANG_WARN_DIRECT_OBJC_ISA_USAGE = YES_ERROR;
				CLANG_WARN_DOCUMENTATION_COMMENTS = YES;
				CLANG_WARN_EMPTY_BODY = YES;
				CLANG_WARN_ENUM_CONVERSION = YES;
				CLANG_WARN_INFINITE_RECURSION = YES;
				CLANG_WARN_INT_CONVERSION = YES;
				CLANG_WARN_NON_LITERAL_NULL_CONVERSION = YES;
				CLANG_WARN_OBJC_IMPLICIT_RETAIN_SELF = YES;
				CLANG_WARN_OBJC_LITERAL_CONVERSION = YES;
				CLANG_WARN_OBJC_ROOT_CLASS = YES_ERROR;
				CLANG_WARN_QUOTED_INCLUDE_IN_FRAMEWORK_HEADER = YES;
				CLANG_WARN_RANGE_LOOP_ANALYSIS = YES;
				CLANG_WARN_STRICT_PROTOTYPES = YES;
				CLANG_WARN_SUSPICIOUS_MOVE = YES;
				CLANG_WARN_UNGUARDED_AVAILABILITY = YES_AGGRESSIVE;
				CLANG_WARN_UNREACHABLE_CODE = YES;
				CLANG_WARN__DUPLICATE_METHOD_MATCH = YES;
				COPY_PHASE_STRIP = NO;
				DEBUG_INFORMATION_FORMAT = dwarf;
				ENABLE_STRICT_OBJC_MSGSEND = YES;
				ENABLE_TESTABILITY = YES;
				GCC_C_LANGUAGE_STANDARD = gnu11;
				GCC_DYNAMIC_NO_PIC = NO;
				GCC_NO_COMMON_BLOCKS = YES;
				GCC_OPTIMIZATION_LEVEL = 0;
				GCC_PREPROCESSOR_DEFINITIONS = (
					"DEBUG=1",
					"$(inherited)",
				);
				GCC_WARN_64_TO_32_BIT_CONVERSION = YES;
				GCC_WARN_ABOUT_RETURN_TYPE = YES_ERROR;
				GCC_WARN_UNDECLARED_SELECTOR = YES;
				GCC_WARN_UNINITIALIZED_AUTOS = YES_AGGRESSIVE;
				GCC_WARN_UNUSED_FUNCTION = YES;
				GCC_WARN_UNUSED_VARIABLE = YES;
				IPHONEOS_DEPLOYMENT_TARGET = 14.4;
				MTL_ENABLE_DEBUG_INFO = INCLUDE_SOURCE;
				MTL_FAST_MATH = YES;
				ONLY_ACTIVE_ARCH = YES;
				SDKROOT = iphoneos;
				SWIFT_ACTIVE_COMPILATION_CONDITIONS = DEBUG;
				SWIFT_OPTIMIZATION_LEVEL = "-Onone";
			};
			name = Debug;
		};
		8D98491525DD2B6D00B8B420 /* Release */ = {
			isa = XCBuildConfiguration;
			buildSettings = {
				ALWAYS_SEARCH_USER_PATHS = NO;
				CLANG_ANALYZER_NONNULL = YES;
				CLANG_ANALYZER_NUMBER_OBJECT_CONVERSION = YES_AGGRESSIVE;
				CLANG_CXX_LANGUAGE_STANDARD = "gnu++14";
				CLANG_CXX_LIBRARY = "libc++";
				CLANG_ENABLE_MODULES = YES;
				CLANG_ENABLE_OBJC_ARC = YES;
				CLANG_ENABLE_OBJC_WEAK = YES;
				CLANG_WARN_BLOCK_CAPTURE_AUTORELEASING = YES;
				CLANG_WARN_BOOL_CONVERSION = YES;
				CLANG_WARN_COMMA = YES;
				CLANG_WARN_CONSTANT_CONVERSION = YES;
				CLANG_WARN_DEPRECATED_OBJC_IMPLEMENTATIONS = YES;
				CLANG_WARN_DIRECT_OBJC_ISA_USAGE = YES_ERROR;
				CLANG_WARN_DOCUMENTATION_COMMENTS = YES;
				CLANG_WARN_EMPTY_BODY = YES;
				CLANG_WARN_ENUM_CONVERSION = YES;
				CLANG_WARN_INFINITE_RECURSION = YES;
				CLANG_WARN_INT_CONVERSION = YES;
				CLANG_WARN_NON_LITERAL_NULL_CONVERSION = YES;
				CLANG_WARN_OBJC_IMPLICIT_RETAIN_SELF = YES;
				CLANG_WARN_OBJC_LITERAL_CONVERSION = YES;
				CLANG_WARN_OBJC_ROOT_CLASS = YES_ERROR;
				CLANG_WARN_QUOTED_INCLUDE_IN_FRAMEWORK_HEADER = YES;
				CLANG_WARN_RANGE_LOOP_ANALYSIS = YES;
				CLANG_WARN_STRICT_PROTOTYPES = YES;
				CLANG_WARN_SUSPICIOUS_MOVE = YES;
				CLANG_WARN_UNGUARDED_AVAILABILITY = YES_AGGRESSIVE;
				CLANG_WARN_UNREACHABLE_CODE = YES;
				CLANG_WARN__DUPLICATE_METHOD_MATCH = YES;
				COPY_PHASE_STRIP = NO;
				DEBUG_INFORMATION_FORMAT = "dwarf-with-dsym";
				ENABLE_NS_ASSERTIONS = NO;
				ENABLE_STRICT_OBJC_MSGSEND = YES;
				GCC_C_LANGUAGE_STANDARD = gnu11;
				GCC_NO_COMMON_BLOCKS = YES;
				GCC_WARN_64_TO_32_BIT_CONVERSION = YES;
				GCC_WARN_ABOUT_RETURN_TYPE = YES_ERROR;
				GCC_WARN_UNDECLARED_SELECTOR = YES;
				GCC_WARN_UNINITIALIZED_AUTOS = YES_AGGRESSIVE;
				GCC_WARN_UNUSED_FUNCTION = YES;
				GCC_WARN_UNUSED_VARIABLE = YES;
				IPHONEOS_DEPLOYMENT_TARGET = 14.4;
				MTL_ENABLE_DEBUG_INFO = NO;
				MTL_FAST_MATH = YES;
				SDKROOT = iphoneos;
				SWIFT_COMPILATION_MODE = wholemodule;
				SWIFT_OPTIMIZATION_LEVEL = "-O";
				VALIDATE_PRODUCT = YES;
			};
			name = Release;
		};
		8D98491725DD2B6D00B8B420 /* Debug */ = {
			isa = XCBuildConfiguration;
			buildSettings = {
				ASSETCATALOG_COMPILER_APPICON_NAME = AppIcon;
				ASSETCATALOG_COMPILER_GLOBAL_ACCENT_COLOR_NAME = AccentColor;
				CODE_SIGN_STYLE = Automatic;
				DEVELOPMENT_ASSET_PATHS = "\"swiftUICustomIcon/Preview Content\"";
				DEVELOPMENT_TEAM = RMFRRSQ9CJ;
				ENABLE_PREVIEWS = YES;
				INFOPLIST_FILE = swiftUICustomIcon/Info.plist;
				IPHONEOS_DEPLOYMENT_TARGET = 14.0;
				LD_RUNPATH_SEARCH_PATHS = (
					"$(inherited)",
					"@executable_path/Frameworks",
				);
				PRODUCT_BUNDLE_IDENTIFIER = yuhsuan.swiftUICustomIcon;
				PRODUCT_NAME = "$(TARGET_NAME)";
				SWIFT_VERSION = 5.0;
				TARGETED_DEVICE_FAMILY = "1,2";
			};
			name = Debug;
		};
		8D98491825DD2B6D00B8B420 /* Release */ = {
			isa = XCBuildConfiguration;
			buildSettings = {
				ASSETCATALOG_COMPILER_APPICON_NAME = AppIcon;
				ASSETCATALOG_COMPILER_GLOBAL_ACCENT_COLOR_NAME = AccentColor;
				CODE_SIGN_STYLE = Automatic;
				DEVELOPMENT_ASSET_PATHS = "\"swiftUICustomIcon/Preview Content\"";
				DEVELOPMENT_TEAM = RMFRRSQ9CJ;
				ENABLE_PREVIEWS = YES;
				INFOPLIST_FILE = swiftUICustomIcon/Info.plist;
				IPHONEOS_DEPLOYMENT_TARGET = 14.0;
				LD_RUNPATH_SEARCH_PATHS = (
					"$(inherited)",
					"@executable_path/Frameworks",
				);
				PRODUCT_BUNDLE_IDENTIFIER = yuhsuan.swiftUICustomIcon;
				PRODUCT_NAME = "$(TARGET_NAME)";
				SWIFT_VERSION = 5.0;
				TARGETED_DEVICE_FAMILY = "1,2";
			};
			name = Release;
		};
/* End XCBuildConfiguration section */

/* Begin XCConfigurationList section */
		8D98490225DD2B6C00B8B420 /* Build configuration list for PBXProject "swiftUICustomIcon" */ = {
			isa = XCConfigurationList;
			buildConfigurations = (
				8D98491425DD2B6D00B8B420 /* Debug */,
				8D98491525DD2B6D00B8B420 /* Release */,
			);
			defaultConfigurationIsVisible = 0;
			defaultConfigurationName = Release;
		};
		8D98491625DD2B6D00B8B420 /* Build configuration list for PBXNativeTarget "swiftUICustomIcon" */ = {
			isa = XCConfigurationList;
			buildConfigurations = (
				8D98491725DD2B6D00B8B420 /* Debug */,
				8D98491825DD2B6D00B8B420 /* Release */,
			);
			defaultConfigurationIsVisible = 0;
			defaultConfigurationName = Release;
		};
/* End XCConfigurationList section */

/* Begin XCRemoteSwiftPackageReference section */
		8D98491A25DD2C4800B8B420 /* XCRemoteSwiftPackageReference "SwiftUIFontIcon" */ = {
			isa = XCRemoteSwiftPackageReference;
			repositoryURL = "https://github.com/huybuidac/SwiftUIFontIcon";
			requirement = {
				kind = upToNextMajorVersion;
				minimumVersion = 2.1.0;
			};
		};
/* End XCRemoteSwiftPackageReference section */

/* Begin XCSwiftPackageProductDependency section */
		8D98491B25DD2C4800B8B420 /* SwiftUIFontIcon */ = {
			isa = XCSwiftPackageProductDependency;
			package = 8D98491A25DD2C4800B8B420 /* XCRemoteSwiftPackageReference "SwiftUIFontIcon" */;
			productName = SwiftUIFontIcon;
		};
/* End XCSwiftPackageProductDependency section */
	};
	rootObject = 8D9848FF25DD2B6C00B8B420 /* Project object */;
}
