{
  "object": {
    "pins": [
      {
        "package": "PopupView",
        "repositoryURL": "https://github.com/exyte/PopupView",
        "state": {
          "branch": null,
          "revision": "7276f92e123969e5ced9212a5f5049d30954106b",
          "version": "0.0.11"
        }
      }
    ]
  },
  "version": 1
}
